// !$*UTF8*$!
{
	archiveVersion = 1;
	classes = {
	};
	objectVersion = 46;
	objects = {

/* Begin PBXBuildFile section */
		705E09B824578EAF000173BA /* AppDelegate.swift in Sources */ = {isa = PBXBuildFile; fileRef = 705E09B724578EAF000173BA /* AppDelegate.swift */; };
		705E09BA24578EAF000173BA /* IntroductionViewController.swift in Sources */ = {isa = PBXBuildFile; fileRef = 705E09B924578EAF000173BA /* IntroductionViewController.swift */; };
		705E09BD24578EAF000173BA /* Main.storyboard in Resources */ = {isa = PBXBuildFile; fileRef = 705E09BB24578EAF000173BA /* Main.storyboard */; };
		705E09BF24578EAF000173BA /* Assets.xcassets in Resources */ = {isa = PBXBuildFile; fileRef = 705E09BE24578EAF000173BA /* Assets.xcassets */; };
		705E09C224578EAF000173BA /* LaunchScreen.storyboard in Resources */ = {isa = PBXBuildFile; fileRef = 705E09C024578EAF000173BA /* LaunchScreen.storyboard */; };
		705E09CA2457939E000173BA /* QuestionViewController.swift in Sources */ = {isa = PBXBuildFile; fileRef = 705E09C92457939E000173BA /* QuestionViewController.swift */; };
		705E09CC245793B2000173BA /* ResultsViewController.swift in Sources */ = {isa = PBXBuildFile; fileRef = 705E09CB245793B2000173BA /* ResultsViewController.swift */; };
		705E09CE24579794000173BA /* QuestionData.swift in Sources */ = {isa = PBXBuildFile; fileRef = 705E09CD24579794000173BA /* QuestionData.swift */; };
/* End PBXBuildFile section */

/* Begin PBXFileReference section */
		705E09B424578EAF000173BA /* PersonalityQuiz.app */ = {isa = PBXFileReference; explicitFileType = wrapper.application; includeInIndex = 0; path = PersonalityQuiz.app; sourceTree = BUILT_PRODUCTS_DIR; };
		705E09B724578EAF000173BA /* AppDelegate.swift */ = {isa = PBXFileReference; lastKnownFileType = sourcecode.swift; path = AppDelegate.swift; sourceTree = "<group>"; };
		705E09B924578EAF000173BA /* IntroductionViewController.swift */ = {isa = PBXFileReference; lastKnownFileType = sourcecode.swift; path = IntroductionViewController.swift; sourceTree = "<group>"; };
		705E09BC24578EAF000173BA /* Base */ = {isa = PBXFileReference; lastKnownFileType = file.storyboard; name = Base; path = Base.lproj/Main.storyboard; sourceTree = "<group>"; };
		705E09BE24578EAF000173BA /* Assets.xcassets */ = {isa = PBXFileReference; lastKnownFileType = folder.assetcatalog; path = Assets.xcassets; sourceTree = "<group>"; };
		705E09C124578EAF000173BA /* Base */ = {isa = PBXFileReference; lastKnownFileType = file.storyboard; name = Base; path = Base.lproj/LaunchScreen.storyboard; sourceTree = "<group>"; };
		705E09C324578EAF000173BA /* Info.plist */ = {isa = PBXFileReference; lastKnownFileType = text.plist.xml; path = Info.plist; sourceTree = "<group>"; };
		705E09C92457939E000173BA /* QuestionViewController.swift */ = {isa = PBXFileReference; fileEncoding = 4; lastKnownFileType = sourcecode.swift; path = QuestionViewController.swift; sourceTree = "<group>"; };
		705E09CB245793B2000173BA /* ResultsViewController.swift */ = {isa = PBXFileReference; fileEncoding = 4; lastKnownFileType = sourcecode.swift; path = ResultsViewController.swift; sourceTree = "<group>"; };
		705E09CD24579794000173BA /* QuestionData.swift */ = {isa = PBXFileReference; fileEncoding = 4; lastKnownFileType = sourcecode.swift; path = QuestionData.swift; sourceTree = "<group>"; };
/* End PBXFileReference section */

/* Begin PBXFrameworksBuildPhase section */
		705E09B124578EAF000173BA /* Frameworks */ = {
			isa = PBXFrameworksBuildPhase;
			buildActionMask = 2147483647;
			files = (
			);
			runOnlyForDeploymentPostprocessing = 0;
		};
/* End PBXFrameworksBuildPhase section */

/* Begin PBXGroup section */
		705E09AB24578EAF000173BA = {
			isa = PBXGroup;
			children = (
				705E09B624578EAF000173BA /* PersonalityQuiz */,
				705E09B524578EAF000173BA /* Products */,
			);
			sourceTree = "<group>";
		};
		705E09B524578EAF000173BA /* Products */ = {
			isa = PBXGroup;
			children = (
				705E09B424578EAF000173BA /* PersonalityQuiz.app */,
			);
			name = Products;
			sourceTree = "<group>";
		};
		705E09B624578EAF000173BA /* PersonalityQuiz */ = {
			isa = PBXGroup;
			children = (
				705E09B724578EAF000173BA /* AppDelegate.swift */,
				705E09B924578EAF000173BA /* IntroductionViewController.swift */,
				705E09BB24578EAF000173BA /* Main.storyboard */,
				705E09CD24579794000173BA /* QuestionData.swift */,
				705E09C92457939E000173BA /* QuestionViewController.swift */,
				705E09CB245793B2000173BA /* ResultsViewController.swift */,
				705E09BE24578EAF000173BA /* Assets.xcassets */,
				705E09C024578EAF000173BA /* LaunchScreen.storyboard */,
				705E09C324578EAF000173BA /* Info.plist */,
			);
			path = PersonalityQuiz;
			sourceTree = "<group>";
		};
/* End PBXGroup section */

/* Begin PBXNativeTarget section */
		705E09B324578EAF000173BA /* PersonalityQuiz */ = {
			isa = PBXNativeTarget;
			buildConfigurationList = 705E09C624578EAF000173BA /* Build configuration list for PBXNativeTarget "PersonalityQuiz" */;
			buildPhases = (
				705E09B024578EAF000173BA /* Sources */,
				705E09B124578EAF000173BA /* Frameworks */,
				705E09B224578EAF000173BA /* Resources */,
			);
			buildRules = (
			);
			dependencies = (
			);
			name = PersonalityQuiz;
			productName = PersonalityQuiz;
			productReference = 705E09B424578EAF000173BA /* PersonalityQuiz.app */;
			productType = "com.apple.product-type.application";
		};
/* End PBXNativeTarget section */

/* Begin PBXProject section */
		705E09AC24578EAF000173BA /* Project object */ = {
			isa = PBXProject;
			attributes = {
				LastSwiftUpdateCheck = 0820;
				LastUpgradeCheck = 0820;
				ORGANIZATIONNAME = usk83;
				TargetAttributes = {
					705E09B324578EAF000173BA = {
						CreatedOnToolsVersion = 8.2.1;
						DevelopmentTeam = 95C25XPP49;
						ProvisioningStyle = Automatic;
					};
				};
			};
			buildConfigurationList = 705E09AF24578EAF000173BA /* Build configuration list for PBXProject "PersonalityQuiz" */;
			compatibilityVersion = "Xcode 3.2";
			developmentRegion = English;
			hasScannedForEncodings = 0;
			knownRegions = (
				en,
				Base,
			);
			mainGroup = 705E09AB24578EAF000173BA;
			productRefGroup = 705E09B524578EAF000173BA /* Products */;
			projectDirPath = "";
			projectRoot = "";
			targets = (
				705E09B324578EAF000173BA /* PersonalityQuiz */,
			);
		};
/* End PBXProject section */

/* Begin PBXResourcesBuildPhase section */
		705E09B224578EAF000173BA /* Resources */ = {
			isa = PBXResourcesBuildPhase;
			buildActionMask = 2147483647;
			files = (
				705E09C224578EAF000173BA /* LaunchScreen.storyboard in Resources */,
				705E09BF24578EAF000173BA /* Assets.xcassets in Resources */,
				705E09BD24578EAF000173BA /* Main.storyboard in Resources */,
			);
			runOnlyForDeploymentPostprocessing = 0;
		};
/* End PBXResourcesBuildPhase section */

/* Begin PBXSourcesBuildPhase section */
		705E09B024578EAF000173BA /* Sources */ = {
			isa = PBXSourcesBuildPhase;
			buildActionMask = 2147483647;
			files = (
				705E09BA24578EAF000173BA /* IntroductionViewController.swift in Sources */,
				705E09B824578EAF000173BA /* AppDelegate.swift in Sources */,
				705E09CE24579794000173BA /* QuestionData.swift in Sources */,
				705E09CA2457939E000173BA /* QuestionViewController.swift in Sources */,
				705E09CC245793B2000173BA /* ResultsViewController.swift in Sources */,
			);
			runOnlyForDeploymentPostprocessing = 0;
		};
/* End PBXSourcesBuildPhase section */

/* Begin PBXVariantGroup section */
		705E09BB24578EAF000173BA /* Main.storyboard */ = {
			isa = PBXVariantGroup;
			children = (
				705E09BC24578EAF000173BA /* Base */,
			);
			name = Main.storyboard;
			sourceTree = "<group>";
		};
		705E09C024578EAF000173BA /* LaunchScreen.storyboard */ = {
			isa = PBXVariantGroup;
			children = (
				705E09C124578EAF000173BA /* Base */,
			);
			name = LaunchScreen.storyboard;
			sourceTree = "<group>";
		};
/* End PBXVariantGroup section */

/* Begin XCBuildConfiguration section */
		705E09C424578EAF000173BA /* Debug */ = {
			isa = XCBuildConfiguration;
			buildSettings = {
				ALWAYS_SEARCH_USER_PATHS = NO;
				CLANG_ANALYZER_NONNULL = YES;
				CLANG_CXX_LANGUAGE_STANDARD = "gnu++0x";
				CLANG_CXX_LIBRARY = "libc++";
				CLANG_ENABLE_MODULES = YES;
				CLANG_ENABLE_OBJC_ARC = YES;
				CLANG_WARN_BOOL_CONVERSION = YES;
				CLANG_WARN_CONSTANT_CONVERSION = YES;
				CLANG_WARN_DIRECT_OBJC_ISA_USAGE = YES_ERROR;
				CLANG_WARN_DOCUMENTATION_COMMENTS = YES;
				CLANG_WARN_EMPTY_BODY = YES;
				CLANG_WARN_ENUM_CONVERSION = YES;
				CLANG_WARN_INFINITE_RECURSION = YES;
				CLANG_WARN_INT_CONVERSION = YES;
				CLANG_WARN_OBJC_ROOT_CLASS = YES_ERROR;
				CLANG_WARN_SUSPICIOUS_MOVE = YES;
				CLANG_WARN_UNREACHABLE_CODE = YES;
				CLANG_WARN__DUPLICATE_METHOD_MATCH = YES;
				"CODE_SIGN_IDENTITY[sdk=iphoneos*]" = "iPhone Developer";
				COPY_PHASE_STRIP = NO;
				DEBUG_INFORMATION_FORMAT = dwarf;
				ENABLE_STRICT_OBJC_MSGSEND = YES;
				ENABLE_TESTABILITY = YES;
				GCC_C_LANGUAGE_STANDARD = gnu99;
				GCC_DYNAMIC_NO_PIC = NO;
				GCC_NO_COMMON_BLOCKS = YES;
				GCC_OPTIMIZATION_LEVEL = 0;
				GCC_PREPROCESSOR_DEFINITIONS = (
					"DEBUG=1",
					"$(inherited)",
				);
				GCC_WARN_64_TO_32_BIT_CONVERSION = YES;
				GCC_WARN_ABOUT_RETURN_TYPE = YES_ERROR;
				GCC_WARN_UNDECLARED_SELECTOR = YES;
				GCC_WARN_UNINITIALIZED_AUTOS = YES_AGGRESSIVE;
				GCC_WARN_UNUSED_FUNCTION = YES;
				GCC_WARN_UNUSED_VARIABLE = YES;
				IPHONEOS_DEPLOYMENT_TARGET = 10.2;
				MTL_ENABLE_DEBUG_INFO = YES;
				ONLY_ACTIVE_ARCH = YES;
				SDKROOT = iphoneos;
				SWIFT_ACTIVE_COMPILATION_CONDITIONS = DEBUG;
				SWIFT_OPTIMIZATION_LEVEL = "-Onone";
				TARGETED_DEVICE_FAMILY = "1,2";
			};
			name = Debug;
		};
		705E09C524578EAF000173BA /* Release */ = {
			isa = XCBuildConfiguration;
			buildSettings = {
				ALWAYS_SEARCH_USER_PATHS = NO;
				CLANG_ANALYZER_NONNULL = YES;
				CLANG_CXX_LANGUAGE_STANDARD = "gnu++0x";
				CLANG_CXX_LIBRARY = "libc++";
				CLANG_ENABLE_MODULES = YES;
				CLANG_ENABLE_OBJC_ARC = YES;
				CLANG_WARN_BOOL_CONVERSION = YES;
				CLANG_WARN_CONSTANT_CONVERSION = YES;
				CLANG_WARN_DIRECT_OBJC_ISA_USAGE = YES_ERROR;
				CLANG_WARN_DOCUMENTATION_COMMENTS = YES;
				CLANG_WARN_EMPTY_BODY = YES;
				CLANG_WARN_ENUM_CONVERSION = YES;
				CLANG_WARN_INFINITE_RECURSION = YES;
				CLANG_WARN_INT_CONVERSION = YES;
				CLANG_WARN_OBJC_ROOT_CLASS = YES_ERROR;
				CLANG_WARN_SUSPICIOUS_MOVE = YES;
				CLANG_WARN_UNREACHABLE_CODE = YES;
				CLANG_WARN__DUPLICATE_METHOD_MATCH = YES;
				"CODE_SIGN_IDENTITY[sdk=iphoneos*]" = "iPhone Developer";
				COPY_PHASE_STRIP = NO;
				DEBUG_INFORMATION_FORMAT = "dwarf-with-dsym";
				ENABLE_NS_ASSERTIONS = NO;
				ENABLE_STRICT_OBJC_MSGSEND = YES;
				GCC_C_LANGUAGE_STANDARD = gnu99;
				GCC_NO_COMMON_BLOCKS = YES;
				GCC_WARN_64_TO_32_BIT_CONVERSION = YES;
				GCC_WARN_ABOUT_RETURN_TYPE = YES_ERROR;
				GCC_WARN_UNDECLARED_SELECTOR = YES;
				GCC_WARN_UNINITIALIZED_AUTOS = YES_AGGRESSIVE;
				GCC_WARN_UNUSED_FUNCTION = YES;
				GCC_WARN_UNUSED_VARIABLE = YES;
				IPHONEOS_DEPLOYMENT_TARGET = 10.2;
				MTL_ENABLE_DEBUG_INFO = NO;
				SDKROOT = iphoneos;
				SWIFT_OPTIMIZATION_LEVEL = "-Owholemodule";
				TARGETED_DEVICE_FAMILY = "1,2";
				VALIDATE_PRODUCT = YES;
			};
			name = Release;
		};
		705E09C724578EAF000173BA /* Debug */ = {
			isa = XCBuildConfiguration;
			buildSettings = {
				ASSETCATALOG_COMPILER_APPICON_NAME = AppIcon;
				DEVELOPMENT_TEAM = 95C25XPP49;
				INFOPLIST_FILE = PersonalityQuiz/Info.plist;
				LD_RUNPATH_SEARCH_PATHS = "$(inherited) @executable_path/Frameworks";
				PRODUCT_BUNDLE_IDENTIFIER = io.github.usk83.PersonalityQuiz;
				PRODUCT_NAME = "$(TARGET_NAME)";
				SWIFT_VERSION = 3.0;
			};
			name = Debug;
		};
		705E09C824578EAF000173BA /* Release */ = {
			isa = XCBuildConfiguration;
			buildSettings = {
				ASSETCATALOG_COMPILER_APPICON_NAME = AppIcon;
				DEVELOPMENT_TEAM = 95C25XPP49;
				INFOPLIST_FILE = PersonalityQuiz/Info.plist;
				LD_RUNPATH_SEARCH_PATHS = "$(inherited) @executable_path/Frameworks";
				PRODUCT_BUNDLE_IDENTIFIER = io.github.usk83.PersonalityQuiz;
				PRODUCT_NAME = "$(TARGET_NAME)";
				SWIFT_VERSION = 3.0;
			};
			name = Release;
		};
/* End XCBuildConfiguration section */

/* Begin XCConfigurationList section */
		705E09AF24578EAF000173BA /* Build configuration list for PBXProject "PersonalityQuiz" */ = {
			isa = XCConfigurationList;
			buildConfigurations = (
				705E09C424578EAF000173BA /* Debug */,
				705E09C524578EAF000173BA /* Release */,
			);
			defaultConfigurationIsVisible = 0;
			defaultConfigurationName = Release;
		};
		705E09C624578EAF000173BA /* Build configuration list for PBXNativeTarget "PersonalityQuiz" */ = {
			isa = XCConfigurationList;
			buildConfigurations = (
				705E09C724578EAF000173BA /* Debug */,
				705E09C824578EAF000173BA /* Release */,
			);
			defaultConfigurationIsVisible = 0;
		};
/* End XCConfigurationList section */
	};
	rootObject = 705E09AC24578EAF000173BA /* Project object */;
}
